<?xml version="1.0" encoding="utf-8"?>
<Project ToolsVersion="4.0" xmlns="http://schemas.microsoft.com/developer/msbuild/2003">
  <ItemGroup>
    <ClCompile Include="src\main.cc" />
    <ClCompile Include="src\pch.cc" />
    <ClCompile Include="src\http_client.cc" />
    <ClCompile Include="src\addon.cc" />
    <ClCompile Include="src\products.cc" />
    <ClCompile Include="src\rapidjson_util.cc" />
    <ClCompile Include="src\config.cc" />
    <ClCompile Include="src\string_util.cc" />
    <ClCompile Include="src\products.pb.cc" />
    <ClCompile Include="src\window.cc" />
    <ClCompile Include="src\texture.cc" />
    <ClCompile Include="src\thumbnail_cache.cc" />
    <ClCompile Include="src\base64.cc" />
    <ClCompile Include="src\gui.cc" />
    <ClCompile Include="src\file.cc" />
    <ClCompile Include="src\toc_parser.cc" />
  </ItemGroup>
  <ItemGroup>
    <ClInclude Include="src\pch.h" />
    <ClInclude Include="src\http_client.h" />
    <ClInclude Include="src\singleton.h" />
    <ClInclude Include="src\addon.h" />
    <ClInclude Include="src\products.h" />
    <ClInclude Include="src\rapidjson_util.h" />
    <ClInclude Include="src\config.h" />
    <ClInclude Include="src\string_util.h" />
    <ClInclude Include="src\products.pb.h" />
    <ClInclude Include="src\window.h" />
    <ClInclude Include="src\texture.h" />
    <ClInclude Include="src\thumbnail_cache.h" />
    <ClInclude Include="src\base64.h" />
    <ClInclude Include="src\gui.h" />
    <ClInclude Include="src\file.h" />
    <ClInclude Include="src\toc_parser.h" />
  </ItemGroup>
  <ItemGroup>
    <None Include="src\rapidjson_util.inl" />
    <None Include="src\string_util.inl" />
  </ItemGroup>
</Project>