<?xml version="1.0" encoding="utf-8"?>
<Project ToolsVersion="4.0" xmlns="http://schemas.microsoft.com/developer/msbuild/2003">
  <ItemGroup>
    <ClCompile Include="src\main.cc" />
    <ClCompile Include="src\pch.cc" />
    <ClCompile Include="src\http_client.cc" />
    <ClCompile Include="src\product_db.pb.cc" />
    <ClCompile Include="src\addon.cc" />
    <ClCompile Include="src\products.cc" />
    <ClCompile Include="src\rapidjson_util.cc" />
  </ItemGroup>
  <ItemGroup>
    <ClInclude Include="src\pch.h" />
    <ClInclude Include="src\http_client.h" />
    <ClInclude Include="src\singleton.h" />
    <ClInclude Include="src\product_db.pb.h" />
    <ClInclude Include="src\addon.h" />
    <ClInclude Include="src\products.h" />
    <ClInclude Include="src\rapidjson_util.h" />
  </ItemGroup>
  <ItemGroup>
    <None Include="src\rapidjson_util.inl" />
  </ItemGroup>
</Project>